// !$*UTF8*$!
{
	archiveVersion = 1;
	classes = {
	};
	objectVersion = 50;
	objects = {

/* Begin PBXBuildFile section */
		FB539EF924D9776900FBCE95 /* AppDelegate.swift in Sources */ = {isa = PBXBuildFile; fileRef = FB539EF824D9776900FBCE95 /* AppDelegate.swift */; };
		FB539EFB24D9776900FBCE95 /* SceneDelegate.swift in Sources */ = {isa = PBXBuildFile; fileRef = FB539EFA24D9776900FBCE95 /* SceneDelegate.swift */; };
		FB539EFD24D9776900FBCE95 /* ContentView.swift in Sources */ = {isa = PBXBuildFile; fileRef = FB539EFC24D9776900FBCE95 /* ContentView.swift */; };
		FB539EFF24D9776D00FBCE95 /* Assets.xcassets in Resources */ = {isa = PBXBuildFile; fileRef = FB539EFE24D9776D00FBCE95 /* Assets.xcassets */; };
		FB539F0224D9776D00FBCE95 /* Preview Assets.xcassets in Resources */ = {isa = PBXBuildFile; fileRef = FB539F0124D9776D00FBCE95 /* Preview Assets.xcassets */; };
		FB539F0524D9776D00FBCE95 /* LaunchScreen.storyboard in Resources */ = {isa = PBXBuildFile; fileRef = FB539F0324D9776D00FBCE95 /* LaunchScreen.storyboard */; };
		FB539F0D24D9777D00FBCE95 /* Person.swift in Sources */ = {isa = PBXBuildFile; fileRef = FB539F0C24D9777D00FBCE95 /* Person.swift */; };
		FB539F0F24D9778B00FBCE95 /* DataManager.swift in Sources */ = {isa = PBXBuildFile; fileRef = FB539F0E24D9778B00FBCE95 /* DataManager.swift */; };
		FB539F1124D9A31C00FBCE95 /* ContactListRow.swift in Sources */ = {isa = PBXBuildFile; fileRef = FB539F1024D9A31C00FBCE95 /* ContactListRow.swift */; };
		FB539F1324D9AEA000FBCE95 /* ContactList.swift in Sources */ = {isa = PBXBuildFile; fileRef = FB539F1224D9AEA000FBCE95 /* ContactList.swift */; };
		FB539F1524D9B04400FBCE95 /* ContactListWithSections.swift in Sources */ = {isa = PBXBuildFile; fileRef = FB539F1424D9B04400FBCE95 /* ContactListWithSections.swift */; };
		FB539F1724D9B07100FBCE95 /* ContactListSection.swift in Sources */ = {isa = PBXBuildFile; fileRef = FB539F1624D9B07100FBCE95 /* ContactListSection.swift */; };
		FB93EBD224DA9BA7001EE230 /* Header.swift in Sources */ = {isa = PBXBuildFile; fileRef = FB93EBD124DA9BA7001EE230 /* Header.swift */; };
		FB9A6A8B24D9E9F800777C35 /* ContactDetails.swift in Sources */ = {isa = PBXBuildFile; fileRef = FB9A6A8A24D9E9F800777C35 /* ContactDetails.swift */; };
/* End PBXBuildFile section */

/* Begin PBXFileReference section */
		FB539EF524D9776900FBCE95 /* ContactListV2.app */ = {isa = PBXFileReference; explicitFileType = wrapper.application; includeInIndex = 0; path = ContactListV2.app; sourceTree = BUILT_PRODUCTS_DIR; };
		FB539EF824D9776900FBCE95 /* AppDelegate.swift */ = {isa = PBXFileReference; lastKnownFileType = sourcecode.swift; path = AppDelegate.swift; sourceTree = "<group>"; };
		FB539EFA24D9776900FBCE95 /* SceneDelegate.swift */ = {isa = PBXFileReference; lastKnownFileType = sourcecode.swift; path = SceneDelegate.swift; sourceTree = "<group>"; };
		FB539EFC24D9776900FBCE95 /* ContentView.swift */ = {isa = PBXFileReference; lastKnownFileType = sourcecode.swift; path = ContentView.swift; sourceTree = "<group>"; };
		FB539EFE24D9776D00FBCE95 /* Assets.xcassets */ = {isa = PBXFileReference; lastKnownFileType = folder.assetcatalog; path = Assets.xcassets; sourceTree = "<group>"; };
		FB539F0124D9776D00FBCE95 /* Preview Assets.xcassets */ = {isa = PBXFileReference; lastKnownFileType = folder.assetcatalog; path = "Preview Assets.xcassets"; sourceTree = "<group>"; };
		FB539F0424D9776D00FBCE95 /* Base */ = {isa = PBXFileReference; lastKnownFileType = file.storyboard; name = Base; path = Base.lproj/LaunchScreen.storyboard; sourceTree = "<group>"; };
		FB539F0624D9776D00FBCE95 /* Info.plist */ = {isa = PBXFileReference; lastKnownFileType = text.plist.xml; path = Info.plist; sourceTree = "<group>"; };
		FB539F0C24D9777D00FBCE95 /* Person.swift */ = {isa = PBXFileReference; lastKnownFileType = sourcecode.swift; path = Person.swift; sourceTree = "<group>"; };
		FB539F0E24D9778B00FBCE95 /* DataManager.swift */ = {isa = PBXFileReference; lastKnownFileType = sourcecode.swift; path = DataManager.swift; sourceTree = "<group>"; };
		FB539F1024D9A31C00FBCE95 /* ContactListRow.swift */ = {isa = PBXFileReference; lastKnownFileType = sourcecode.swift; path = ContactListRow.swift; sourceTree = "<group>"; };
		FB539F1224D9AEA000FBCE95 /* ContactList.swift */ = {isa = PBXFileReference; lastKnownFileType = sourcecode.swift; path = ContactList.swift; sourceTree = "<group>"; };
		FB539F1424D9B04400FBCE95 /* ContactListWithSections.swift */ = {isa = PBXFileReference; lastKnownFileType = sourcecode.swift; path = ContactListWithSections.swift; sourceTree = "<group>"; };
		FB539F1624D9B07100FBCE95 /* ContactListSection.swift */ = {isa = PBXFileReference; lastKnownFileType = sourcecode.swift; path = ContactListSection.swift; sourceTree = "<group>"; };
		FB93EBD124DA9BA7001EE230 /* Header.swift */ = {isa = PBXFileReference; lastKnownFileType = sourcecode.swift; path = Header.swift; sourceTree = "<group>"; };
		FB9A6A8A24D9E9F800777C35 /* ContactDetails.swift */ = {isa = PBXFileReference; lastKnownFileType = sourcecode.swift; path = ContactDetails.swift; sourceTree = "<group>"; };
/* End PBXFileReference section */

/* Begin PBXFrameworksBuildPhase section */
		FB539EF224D9776900FBCE95 /* Frameworks */ = {
			isa = PBXFrameworksBuildPhase;
			buildActionMask = 2147483647;
			files = (
			);
			runOnlyForDeploymentPostprocessing = 0;
		};
/* End PBXFrameworksBuildPhase section */

/* Begin PBXGroup section */
		FB539EEC24D9776900FBCE95 = {
			isa = PBXGroup;
			children = (
				FB539EF724D9776900FBCE95 /* ContactListV2 */,
				FB539EF624D9776900FBCE95 /* Products */,
			);
			sourceTree = "<group>";
		};
		FB539EF624D9776900FBCE95 /* Products */ = {
			isa = PBXGroup;
			children = (
				FB539EF524D9776900FBCE95 /* ContactListV2.app */,
			);
			name = Products;
			sourceTree = "<group>";
		};
		FB539EF724D9776900FBCE95 /* ContactListV2 */ = {
			isa = PBXGroup;
			children = (
				FB539EF824D9776900FBCE95 /* AppDelegate.swift */,
				FB539EFA24D9776900FBCE95 /* SceneDelegate.swift */,
				FB539F0C24D9777D00FBCE95 /* Person.swift */,
				FB539EFC24D9776900FBCE95 /* ContentView.swift */,
				FB539F1224D9AEA000FBCE95 /* ContactList.swift */,
				FB539F1024D9A31C00FBCE95 /* ContactListRow.swift */,
				FB539F1424D9B04400FBCE95 /* ContactListWithSections.swift */,
				FB539F1624D9B07100FBCE95 /* ContactListSection.swift */,
				FB9A6A8A24D9E9F800777C35 /* ContactDetails.swift */,
				FB93EBD124DA9BA7001EE230 /* Header.swift */,
				FB539F0E24D9778B00FBCE95 /* DataManager.swift */,
				FB539EFE24D9776D00FBCE95 /* Assets.xcassets */,
				FB539F0324D9776D00FBCE95 /* LaunchScreen.storyboard */,
				FB539F0624D9776D00FBCE95 /* Info.plist */,
				FB539F0024D9776D00FBCE95 /* Preview Content */,
			);
			path = ContactListV2;
			sourceTree = "<group>";
		};
		FB539F0024D9776D00FBCE95 /* Preview Content */ = {
			isa = PBXGroup;
			children = (
				FB539F0124D9776D00FBCE95 /* Preview Assets.xcassets */,
			);
			path = "Preview Content";
			sourceTree = "<group>";
		};
/* End PBXGroup section */

/* Begin PBXNativeTarget section */
		FB539EF424D9776900FBCE95 /* ContactListV2 */ = {
			isa = PBXNativeTarget;
			buildConfigurationList = FB539F0924D9776D00FBCE95 /* Build configuration list for PBXNativeTarget "ContactListV2" */;
			buildPhases = (
				FB539EF124D9776900FBCE95 /* Sources */,
				FB539EF224D9776900FBCE95 /* Frameworks */,
				FB539EF324D9776900FBCE95 /* Resources */,
			);
			buildRules = (
			);
			dependencies = (
			);
			name = ContactListV2;
			productName = ContactListV2;
			productReference = FB539EF524D9776900FBCE95 /* ContactListV2.app */;
			productType = "com.apple.product-type.application";
		};
/* End PBXNativeTarget section */

/* Begin PBXProject section */
		FB539EED24D9776900FBCE95 /* Project object */ = {
			isa = PBXProject;
			attributes = {
				LastSwiftUpdateCheck = 1160;
				LastUpgradeCheck = 1160;
				ORGANIZATIONNAME = "Владимир Паутов";
				TargetAttributes = {
					FB539EF424D9776900FBCE95 = {
						CreatedOnToolsVersion = 11.6;
					};
				};
			};
			buildConfigurationList = FB539EF024D9776900FBCE95 /* Build configuration list for PBXProject "ContactListV2" */;
			compatibilityVersion = "Xcode 9.3";
			developmentRegion = en;
			hasScannedForEncodings = 0;
			knownRegions = (
				en,
				Base,
			);
			mainGroup = FB539EEC24D9776900FBCE95;
			productRefGroup = FB539EF624D9776900FBCE95 /* Products */;
			projectDirPath = "";
			projectRoot = "";
			targets = (
				FB539EF424D9776900FBCE95 /* ContactListV2 */,
			);
		};
/* End PBXProject section */

/* Begin PBXResourcesBuildPhase section */
		FB539EF324D9776900FBCE95 /* Resources */ = {
			isa = PBXResourcesBuildPhase;
			buildActionMask = 2147483647;
			files = (
				FB539F0524D9776D00FBCE95 /* LaunchScreen.storyboard in Resources */,
				FB539F0224D9776D00FBCE95 /* Preview Assets.xcassets in Resources */,
				FB539EFF24D9776D00FBCE95 /* Assets.xcassets in Resources */,
			);
			runOnlyForDeploymentPostprocessing = 0;
		};
/* End PBXResourcesBuildPhase section */

/* Begin PBXSourcesBuildPhase section */
		FB539EF124D9776900FBCE95 /* Sources */ = {
			isa = PBXSourcesBuildPhase;
			buildActionMask = 2147483647;
			files = (
				FB539EF924D9776900FBCE95 /* AppDelegate.swift in Sources */,
				FB9A6A8B24D9E9F800777C35 /* ContactDetails.swift in Sources */,
				FB539F0F24D9778B00FBCE95 /* DataManager.swift in Sources */,
				FB539EFB24D9776900FBCE95 /* SceneDelegate.swift in Sources */,
				FB539F0D24D9777D00FBCE95 /* Person.swift in Sources */,
				FB93EBD224DA9BA7001EE230 /* Header.swift in Sources */,
				FB539F1524D9B04400FBCE95 /* ContactListWithSections.swift in Sources */,
				FB539F1324D9AEA000FBCE95 /* ContactList.swift in Sources */,
				FB539EFD24D9776900FBCE95 /* ContentView.swift in Sources */,
				FB539F1124D9A31C00FBCE95 /* ContactListRow.swift in Sources */,
				FB539F1724D9B07100FBCE95 /* ContactListSection.swift in Sources */,
			);
			runOnlyForDeploymentPostprocessing = 0;
		};
/* End PBXSourcesBuildPhase section */

/* Begin PBXVariantGroup section */
		FB539F0324D9776D00FBCE95 /* LaunchScreen.storyboard */ = {
			isa = PBXVariantGroup;
			children = (
				FB539F0424D9776D00FBCE95 /* Base */,
			);
			name = LaunchScreen.storyboard;
			sourceTree = "<group>";
		};
/* End PBXVariantGroup section */

/* Begin XCBuildConfiguration section */
		FB539F0724D9776D00FBCE95 /* Debug */ = {
			isa = XCBuildConfiguration;
			buildSettings = {
				ALWAYS_SEARCH_USER_PATHS = NO;
				CLANG_ANALYZER_NONNULL = YES;
				CLANG_ANALYZER_NUMBER_OBJECT_CONVERSION = YES_AGGRESSIVE;
				CLANG_CXX_LANGUAGE_STANDARD = "gnu++14";
				CLANG_CXX_LIBRARY = "libc++";
				CLANG_ENABLE_MODULES = YES;
				CLANG_ENABLE_OBJC_ARC = YES;
				CLANG_ENABLE_OBJC_WEAK = YES;
				CLANG_WARN_BLOCK_CAPTURE_AUTORELEASING = YES;
				CLANG_WARN_BOOL_CONVERSION = YES;
				CLANG_WARN_COMMA = YES;
				CLANG_WARN_CONSTANT_CONVERSION = YES;
				CLANG_WARN_DEPRECATED_OBJC_IMPLEMENTATIONS = YES;
				CLANG_WARN_DIRECT_OBJC_ISA_USAGE = YES_ERROR;
				CLANG_WARN_DOCUMENTATION_COMMENTS = YES;
				CLANG_WARN_EMPTY_BODY = YES;
				CLANG_WARN_ENUM_CONVERSION = YES;
				CLANG_WARN_INFINITE_RECURSION = YES;
				CLANG_WARN_INT_CONVERSION = YES;
				CLANG_WARN_NON_LITERAL_NULL_CONVERSION = YES;
				CLANG_WARN_OBJC_IMPLICIT_RETAIN_SELF = YES;
				CLANG_WARN_OBJC_LITERAL_CONVERSION = YES;
				CLANG_WARN_OBJC_ROOT_CLASS = YES_ERROR;
				CLANG_WARN_RANGE_LOOP_ANALYSIS = YES;
				CLANG_WARN_STRICT_PROTOTYPES = YES;
				CLANG_WARN_SUSPICIOUS_MOVE = YES;
				CLANG_WARN_UNGUARDED_AVAILABILITY = YES_AGGRESSIVE;
				CLANG_WARN_UNREACHABLE_CODE = YES;
				CLANG_WARN__DUPLICATE_METHOD_MATCH = YES;
				COPY_PHASE_STRIP = NO;
				DEBUG_INFORMATION_FORMAT = dwarf;
				ENABLE_STRICT_OBJC_MSGSEND = YES;
				ENABLE_TESTABILITY = YES;
				GCC_C_LANGUAGE_STANDARD = gnu11;
				GCC_DYNAMIC_NO_PIC = NO;
				GCC_NO_COMMON_BLOCKS = YES;
				GCC_OPTIMIZATION_LEVEL = 0;
				GCC_PREPROCESSOR_DEFINITIONS = (
					"DEBUG=1",
					"$(inherited)",
				);
				GCC_WARN_64_TO_32_BIT_CONVERSION = YES;
				GCC_WARN_ABOUT_RETURN_TYPE = YES_ERROR;
				GCC_WARN_UNDECLARED_SELECTOR = YES;
				GCC_WARN_UNINITIALIZED_AUTOS = YES_AGGRESSIVE;
				GCC_WARN_UNUSED_FUNCTION = YES;
				GCC_WARN_UNUSED_VARIABLE = YES;
				IPHONEOS_DEPLOYMENT_TARGET = 13.6;
				MTL_ENABLE_DEBUG_INFO = INCLUDE_SOURCE;
				MTL_FAST_MATH = YES;
				ONLY_ACTIVE_ARCH = YES;
				SDKROOT = iphoneos;
				SWIFT_ACTIVE_COMPILATION_CONDITIONS = DEBUG;
				SWIFT_OPTIMIZATION_LEVEL = "-Onone";
			};
			name = Debug;
		};
		FB539F0824D9776D00FBCE95 /* Release */ = {
			isa = XCBuildConfiguration;
			buildSettings = {
				ALWAYS_SEARCH_USER_PATHS = NO;
				CLANG_ANALYZER_NONNULL = YES;
				CLANG_ANALYZER_NUMBER_OBJECT_CONVERSION = YES_AGGRESSIVE;
				CLANG_CXX_LANGUAGE_STANDARD = "gnu++14";
				CLANG_CXX_LIBRARY = "libc++";
				CLANG_ENABLE_MODULES = YES;
				CLANG_ENABLE_OBJC_ARC = YES;
				CLANG_ENABLE_OBJC_WEAK = YES;
				CLANG_WARN_BLOCK_CAPTURE_AUTORELEASING = YES;
				CLANG_WARN_BOOL_CONVERSION = YES;
				CLANG_WARN_COMMA = YES;
				CLANG_WARN_CONSTANT_CONVERSION = YES;
				CLANG_WARN_DEPRECATED_OBJC_IMPLEMENTATIONS = YES;
				CLANG_WARN_DIRECT_OBJC_ISA_USAGE = YES_ERROR;
				CLANG_WARN_DOCUMENTATION_COMMENTS = YES;
				CLANG_WARN_EMPTY_BODY = YES;
				CLANG_WARN_ENUM_CONVERSION = YES;
				CLANG_WARN_INFINITE_RECURSION = YES;
				CLANG_WARN_INT_CONVERSION = YES;
				CLANG_WARN_NON_LITERAL_NULL_CONVERSION = YES;
				CLANG_WARN_OBJC_IMPLICIT_RETAIN_SELF = YES;
				CLANG_WARN_OBJC_LITERAL_CONVERSION = YES;
				CLANG_WARN_OBJC_ROOT_CLASS = YES_ERROR;
				CLANG_WARN_RANGE_LOOP_ANALYSIS = YES;
				CLANG_WARN_STRICT_PROTOTYPES = YES;
				CLANG_WARN_SUSPICIOUS_MOVE = YES;
				CLANG_WARN_UNGUARDED_AVAILABILITY = YES_AGGRESSIVE;
				CLANG_WARN_UNREACHABLE_CODE = YES;
				CLANG_WARN__DUPLICATE_METHOD_MATCH = YES;
				COPY_PHASE_STRIP = NO;
				DEBUG_INFORMATION_FORMAT = "dwarf-with-dsym";
				ENABLE_NS_ASSERTIONS = NO;
				ENABLE_STRICT_OBJC_MSGSEND = YES;
				GCC_C_LANGUAGE_STANDARD = gnu11;
				GCC_NO_COMMON_BLOCKS = YES;
				GCC_WARN_64_TO_32_BIT_CONVERSION = YES;
				GCC_WARN_ABOUT_RETURN_TYPE = YES_ERROR;
				GCC_WARN_UNDECLARED_SELECTOR = YES;
				GCC_WARN_UNINITIALIZED_AUTOS = YES_AGGRESSIVE;
				GCC_WARN_UNUSED_FUNCTION = YES;
				GCC_WARN_UNUSED_VARIABLE = YES;
				IPHONEOS_DEPLOYMENT_TARGET = 13.6;
				MTL_ENABLE_DEBUG_INFO = NO;
				MTL_FAST_MATH = YES;
				SDKROOT = iphoneos;
				SWIFT_COMPILATION_MODE = wholemodule;
				SWIFT_OPTIMIZATION_LEVEL = "-O";
				VALIDATE_PRODUCT = YES;
			};
			name = Release;
		};
		FB539F0A24D9776D00FBCE95 /* Debug */ = {
			isa = XCBuildConfiguration;
			buildSettings = {
				ASSETCATALOG_COMPILER_APPICON_NAME = AppIcon;
				CODE_SIGN_STYLE = Automatic;
				DEVELOPMENT_ASSET_PATHS = "\"ContactListV2/Preview Content\"";
				DEVELOPMENT_TEAM = KMVUC2J4YA;
				ENABLE_PREVIEWS = YES;
				INFOPLIST_FILE = ContactListV2/Info.plist;
				LD_RUNPATH_SEARCH_PATHS = (
					"$(inherited)",
					"@executable_path/Frameworks",
				);
				PRODUCT_BUNDLE_IDENTIFIER = "BadProgrammer-inc.ContactListV2";
				PRODUCT_NAME = "$(TARGET_NAME)";
				SWIFT_VERSION = 5.0;
				TARGETED_DEVICE_FAMILY = "1,2";
			};
			name = Debug;
		};
		FB539F0B24D9776D00FBCE95 /* Release */ = {
			isa = XCBuildConfiguration;
			buildSettings = {
				ASSETCATALOG_COMPILER_APPICON_NAME = AppIcon;
				CODE_SIGN_STYLE = Automatic;
				DEVELOPMENT_ASSET_PATHS = "\"ContactListV2/Preview Content\"";
				DEVELOPMENT_TEAM = KMVUC2J4YA;
				ENABLE_PREVIEWS = YES;
				INFOPLIST_FILE = ContactListV2/Info.plist;
				LD_RUNPATH_SEARCH_PATHS = (
					"$(inherited)",
					"@executable_path/Frameworks",
				);
				PRODUCT_BUNDLE_IDENTIFIER = "BadProgrammer-inc.ContactListV2";
				PRODUCT_NAME = "$(TARGET_NAME)";
				SWIFT_VERSION = 5.0;
				TARGETED_DEVICE_FAMILY = "1,2";
			};
			name = Release;
		};
/* End XCBuildConfiguration section */

/* Begin XCConfigurationList section */
		FB539EF024D9776900FBCE95 /* Build configuration list for PBXProject "ContactListV2" */ = {
			isa = XCConfigurationList;
			buildConfigurations = (
				FB539F0724D9776D00FBCE95 /* Debug */,
				FB539F0824D9776D00FBCE95 /* Release */,
			);
			defaultConfigurationIsVisible = 0;
			defaultConfigurationName = Release;
		};
		FB539F0924D9776D00FBCE95 /* Build configuration list for PBXNativeTarget "ContactListV2" */ = {
			isa = XCConfigurationList;
			buildConfigurations = (
				FB539F0A24D9776D00FBCE95 /* Debug */,
				FB539F0B24D9776D00FBCE95 /* Release */,
			);
			defaultConfigurationIsVisible = 0;
			defaultConfigurationName = Release;
		};
/* End XCConfigurationList section */
	};
	rootObject = FB539EED24D9776900FBCE95 /* Project object */;
}
